
Microsoft Visual Studio Solution File, Format Version 12.00
# Visual Studio Version 17
VisualStudioVersion = 17.9.34723.18
MinimumVisualStudioVersion = 10.0.40219.1
Project("{9A19103F-16F7-4668-BE54-9A1E7A4F7556}") = "DataStructuresLibrary", "DataStructuresLibrary\DataStructuresLibrary.csproj", "{8799D368-1F3A-4EC0-BCDB-3305B59D3772}"
EndProject
Project("{FAE04EC0-301F-11D3-BF4B-00C04F79EFBC}") = "UnitTest_DataStructures", "UnitTest_DataStructures\UnitTest_DataStructures.csproj", "{7CDB3E58-04B1-418F-B78D-A43B4DBFAF77}"
EndProject
Global
	GlobalSection(SolutionConfigurationPlatforms) = preSolution
		Debug|Any CPU = Debug|Any CPU
		Release|Any CPU = Release|Any CPU
	EndGlobalSection
	GlobalSection(ProjectConfigurationPlatforms) = postSolution
		{8799D368-1F3A-4EC0-BCDB-3305B59D3772}.Debug|Any CPU.ActiveCfg = Debug|Any CPU
		{8799D368-1F3A-4EC0-BCDB-3305B59D3772}.Debug|Any CPU.Build.0 = Debug|Any CPU
		{8799D368-1F3A-4EC0-BCDB-3305B59D3772}.Release|Any CPU.ActiveCfg = Release|Any CPU
		{8799D368-1F3A-4EC0-BCDB-3305B59D3772}.Release|Any CPU.Build.0 = Release|Any CPU
		{7CDB3E58-04B1-418F-B78D-A43B4DBFAF77}.Debug|Any CPU.ActiveCfg = Debug|Any CPU
		{7CDB3E58-04B1-418F-B78D-A43B4DBFAF77}.Debug|Any CPU.Build.0 = Debug|Any CPU
		{7CDB3E58-04B1-418F-B78D-A43B4DBFAF77}.Release|Any CPU.ActiveCfg = Release|Any CPU
		{7CDB3E58-04B1-418F-B78D-A43B4DBFAF77}.Release|Any CPU.Build.0 = Release|Any CPU
	EndGlobalSection
	GlobalSection(SolutionProperties) = preSolution
		HideSolutionNode = FALSE
	EndGlobalSection
	GlobalSection(ExtensibilityGlobals) = postSolution
		SolutionGuid = {8A68AC6A-B09C-4949-9E9D-91C7D1E3038D}
	EndGlobalSection
EndGlobal
