
Microsoft Visual Studio Solution File, Format Version 12.00
# Visual Studio Version 17
VisualStudioVersion = 17.8.34525.116
MinimumVisualStudioVersion = 10.0.40219.1
Project("{FAE04EC0-301F-11D3-BF4B-00C04F79EFBC}") = "MultyThreading", "MultyThreading\MultyThreading.csproj", "{CE355DFD-8038-4178-9DB5-4B155B399A6B}"
EndProject
Global
	GlobalSection(SolutionConfigurationPlatforms) = preSolution
		Debug|Any CPU = Debug|Any CPU
		Release|Any CPU = Release|Any CPU
	EndGlobalSection
	GlobalSection(ProjectConfigurationPlatforms) = postSolution
		{CE355DFD-8038-4178-9DB5-4B155B399A6B}.Debug|Any CPU.ActiveCfg = Debug|Any CPU
		{CE355DFD-8038-4178-9DB5-4B155B399A6B}.Debug|Any CPU.Build.0 = Debug|Any CPU
		{CE355DFD-8038-4178-9DB5-4B155B399A6B}.Release|Any CPU.ActiveCfg = Release|Any CPU
		{CE355DFD-8038-4178-9DB5-4B155B399A6B}.Release|Any CPU.Build.0 = Release|Any CPU
	EndGlobalSection
	GlobalSection(SolutionProperties) = preSolution
		HideSolutionNode = FALSE
	EndGlobalSection
	GlobalSection(ExtensibilityGlobals) = postSolution
		SolutionGuid = {54D8E7DA-AAF3-4E19-A3DF-08FDC8DD40C0}
	EndGlobalSection
EndGlobal
